
Microsoft Visual Studio Solution File, Format Version 12.00
# Visual Studio 15
VisualStudioVersion = 15.0.28307.489
MinimumVisualStudioVersion = 10.0.40219.1
Project("{FAE04EC0-301F-11D3-BF4B-00C04F79EFBC}") = "Cw_08", "Cw_08.csproj", "{DCE15C50-D801-4F9F-A99E-4AB97796EB08}"
EndProject
Global
	GlobalSection(SolutionConfigurationPlatforms) = preSolution
		Debug|Any CPU = Debug|Any CPU
		Release|Any CPU = Release|Any CPU
	EndGlobalSection
	GlobalSection(ProjectConfigurationPlatforms) = postSolution
		{DCE15C50-D801-4F9F-A99E-4AB97796EB08}.Debug|Any CPU.ActiveCfg = Debug|Any CPU
		{DCE15C50-D801-4F9F-A99E-4AB97796EB08}.Debug|Any CPU.Build.0 = Debug|Any CPU
		{DCE15C50-D801-4F9F-A99E-4AB97796EB08}.Release|Any CPU.ActiveCfg = Release|Any CPU
		{DCE15C50-D801-4F9F-A99E-4AB97796EB08}.Release|Any CPU.Build.0 = Release|Any CPU
	EndGlobalSection
	GlobalSection(SolutionProperties) = preSolution
		HideSolutionNode = FALSE
	EndGlobalSection
	GlobalSection(ExtensibilityGlobals) = postSolution
		SolutionGuid = {A6E08181-1879-49FD-84F4-B62C3C8D2A6C}
	EndGlobalSection
EndGlobal
