
Microsoft Visual Studio Solution File, Format Version 12.00
# Visual Studio 15
VisualStudioVersion = 15.0.28307.489
MinimumVisualStudioVersion = 10.0.40219.1
Project("{FAE04EC0-301F-11D3-BF4B-00C04F79EFBC}") = "Cw_01", "Cw_01\Cw_01.csproj", "{0723DB17-14DF-4EB0-B02E-6C5A2CB4AC38}"
EndProject
Global
	GlobalSection(SolutionConfigurationPlatforms) = preSolution
		Debug|Any CPU = Debug|Any CPU
		Release|Any CPU = Release|Any CPU
	EndGlobalSection
	GlobalSection(ProjectConfigurationPlatforms) = postSolution
		{0723DB17-14DF-4EB0-B02E-6C5A2CB4AC38}.Debug|Any CPU.ActiveCfg = Debug|Any CPU
		{0723DB17-14DF-4EB0-B02E-6C5A2CB4AC38}.Debug|Any CPU.Build.0 = Debug|Any CPU
		{0723DB17-14DF-4EB0-B02E-6C5A2CB4AC38}.Release|Any CPU.ActiveCfg = Release|Any CPU
		{0723DB17-14DF-4EB0-B02E-6C5A2CB4AC38}.Release|Any CPU.Build.0 = Release|Any CPU
	EndGlobalSection
	GlobalSection(SolutionProperties) = preSolution
		HideSolutionNode = FALSE
	EndGlobalSection
	GlobalSection(ExtensibilityGlobals) = postSolution
		SolutionGuid = {30EDA052-C0A8-42C1-BD2B-884A29D1762B}
	EndGlobalSection
EndGlobal
